
Microsoft Visual Studio Solution File, Format Version 12.00
Project("{FAE04EC0-301F-11D3-BF4B-00C04F79EFBC}") = "Assignment_1", "Assignment_1\Assignment_1.csproj", "{0329DB33-0189-4A9C-9276-C7CE0BD85453}"
EndProject
Project("{FAE04EC0-301F-11D3-BF4B-00C04F79EFBC}") = "task_1", "task_1\task_1.csproj", "{765B323E-42E0-49F2-8BCE-FAA383E22CE5}"
EndProject
Global
	GlobalSection(SolutionConfigurationPlatforms) = preSolution
		Debug|Any CPU = Debug|Any CPU
		Release|Any CPU = Release|Any CPU
	EndGlobalSection
	GlobalSection(ProjectConfigurationPlatforms) = postSolution
		{0329DB33-0189-4A9C-9276-C7CE0BD85453}.Debug|Any CPU.ActiveCfg = Debug|Any CPU
		{0329DB33-0189-4A9C-9276-C7CE0BD85453}.Debug|Any CPU.Build.0 = Debug|Any CPU
		{0329DB33-0189-4A9C-9276-C7CE0BD85453}.Release|Any CPU.ActiveCfg = Release|Any CPU
		{0329DB33-0189-4A9C-9276-C7CE0BD85453}.Release|Any CPU.Build.0 = Release|Any CPU
		{765B323E-42E0-49F2-8BCE-FAA383E22CE5}.Debug|Any CPU.ActiveCfg = Debug|Any CPU
		{765B323E-42E0-49F2-8BCE-FAA383E22CE5}.Debug|Any CPU.Build.0 = Debug|Any CPU
		{765B323E-42E0-49F2-8BCE-FAA383E22CE5}.Release|Any CPU.ActiveCfg = Release|Any CPU
		{765B323E-42E0-49F2-8BCE-FAA383E22CE5}.Release|Any CPU.Build.0 = Release|Any CPU
	EndGlobalSection
EndGlobal
