
Microsoft Visual Studio Solution File, Format Version 12.00
# Visual Studio Version 17
VisualStudioVersion = 17.0.31912.275
MinimumVisualStudioVersion = 10.0.40219.1
Project("{9A19103F-16F7-4668-BE54-9A1E7A4F7556}") = "Question1", "Question1\Question1.csproj", "{02F55A95-83D2-40A5-98E6-4A7305A1319E}"
EndProject
Project("{9A19103F-16F7-4668-BE54-9A1E7A4F7556}") = "Question2", "Question2\Question2.csproj", "{A392356C-17F0-49C6-BA4D-085DC223E477}"
EndProject
Project("{9A19103F-16F7-4668-BE54-9A1E7A4F7556}") = "Question3", "Question3\Question3.csproj", "{330F3231-7895-4D5C-8AC8-75E5916946CE}"
EndProject
Global
	GlobalSection(SolutionConfigurationPlatforms) = preSolution
		Debug|Any CPU = Debug|Any CPU
		Release|Any CPU = Release|Any CPU
	EndGlobalSection
	GlobalSection(ProjectConfigurationPlatforms) = postSolution
		{02F55A95-83D2-40A5-98E6-4A7305A1319E}.Debug|Any CPU.ActiveCfg = Debug|Any CPU
		{02F55A95-83D2-40A5-98E6-4A7305A1319E}.Debug|Any CPU.Build.0 = Debug|Any CPU
		{02F55A95-83D2-40A5-98E6-4A7305A1319E}.Release|Any CPU.ActiveCfg = Release|Any CPU
		{02F55A95-83D2-40A5-98E6-4A7305A1319E}.Release|Any CPU.Build.0 = Release|Any CPU
		{A392356C-17F0-49C6-BA4D-085DC223E477}.Debug|Any CPU.ActiveCfg = Debug|Any CPU
		{A392356C-17F0-49C6-BA4D-085DC223E477}.Debug|Any CPU.Build.0 = Debug|Any CPU
		{A392356C-17F0-49C6-BA4D-085DC223E477}.Release|Any CPU.ActiveCfg = Release|Any CPU
		{A392356C-17F0-49C6-BA4D-085DC223E477}.Release|Any CPU.Build.0 = Release|Any CPU
		{330F3231-7895-4D5C-8AC8-75E5916946CE}.Debug|Any CPU.ActiveCfg = Debug|Any CPU
		{330F3231-7895-4D5C-8AC8-75E5916946CE}.Debug|Any CPU.Build.0 = Debug|Any CPU
		{330F3231-7895-4D5C-8AC8-75E5916946CE}.Release|Any CPU.ActiveCfg = Release|Any CPU
		{330F3231-7895-4D5C-8AC8-75E5916946CE}.Release|Any CPU.Build.0 = Release|Any CPU
	EndGlobalSection
	GlobalSection(SolutionProperties) = preSolution
		HideSolutionNode = FALSE
	EndGlobalSection
	GlobalSection(ExtensibilityGlobals) = postSolution
		SolutionGuid = {FB8458DF-7EDD-4838-B5E9-02363CD9896D}
	EndGlobalSection
EndGlobal
